
Microsoft Visual Studio Solution File, Format Version 12.00
# Visual Studio Version 16
VisualStudioVersion = 16.0.29905.134
MinimumVisualStudioVersion = 10.0.40219.1
Project("{9A19103F-16F7-4668-BE54-9A1E7A4F7556}") = "TestRestApi", "TestRestApi\TestRestApi.csproj", "{79F0C555-3932-4D6D-BC35-8B9369311852}"
EndProject
Project("{FAE04EC0-301F-11D3-BF4B-00C04F79EFBC}") = "TestRestApi.Tests", "TestRestApi.Tests\TestRestApi.Tests.csproj", "{374BC8C7-7E88-4CC6-AC27-AD38A5098AA1}"
EndProject
Global
	GlobalSection(SolutionConfigurationPlatforms) = preSolution
		Debug|Any CPU = Debug|Any CPU
		Release|Any CPU = Release|Any CPU
	EndGlobalSection
	GlobalSection(ProjectConfigurationPlatforms) = postSolution
		{79F0C555-3932-4D6D-BC35-8B9369311852}.Debug|Any CPU.ActiveCfg = Debug|Any CPU
		{79F0C555-3932-4D6D-BC35-8B9369311852}.Debug|Any CPU.Build.0 = Debug|Any CPU
		{79F0C555-3932-4D6D-BC35-8B9369311852}.Release|Any CPU.ActiveCfg = Release|Any CPU
		{79F0C555-3932-4D6D-BC35-8B9369311852}.Release|Any CPU.Build.0 = Release|Any CPU
		{374BC8C7-7E88-4CC6-AC27-AD38A5098AA1}.Debug|Any CPU.ActiveCfg = Debug|Any CPU
		{374BC8C7-7E88-4CC6-AC27-AD38A5098AA1}.Debug|Any CPU.Build.0 = Debug|Any CPU
		{374BC8C7-7E88-4CC6-AC27-AD38A5098AA1}.Release|Any CPU.ActiveCfg = Release|Any CPU
		{374BC8C7-7E88-4CC6-AC27-AD38A5098AA1}.Release|Any CPU.Build.0 = Release|Any CPU
	EndGlobalSection
	GlobalSection(SolutionProperties) = preSolution
		HideSolutionNode = FALSE
	EndGlobalSection
	GlobalSection(ExtensibilityGlobals) = postSolution
		SolutionGuid = {2BC627F0-DF80-4B32-B3F4-28E1A30EED49}
	EndGlobalSection
EndGlobal
